
Microsoft Visual Studio Solution File, Format Version 12.00
# Visual Studio Version 16
VisualStudioVersion = 16.0.28803.156
MinimumVisualStudioVersion = 10.0.40219.1
Project("{FAE04EC0-301F-11D3-BF4B-00C04F79EFBC}") = "BMI_170230.Android", "BMI_170230\BMI_170230.Android\BMI_170230.Android.csproj", "{00050163-CC5C-424D-B32C-60F165642A8D}"
EndProject
Project("{FAE04EC0-301F-11D3-BF4B-00C04F79EFBC}") = "BMI_170230.iOS", "BMI_170230\BMI_170230.iOS\BMI_170230.iOS.csproj", "{AA1B996B-8F44-431C-9D02-E97D89F89668}"
EndProject
Project("{FAE04EC0-301F-11D3-BF4B-00C04F79EFBC}") = "BMI_170230", "BMI_170230\BMI_170230\BMI_170230.csproj", "{2E5FB9CC-628D-4DA8-BBD5-A190CEDB769F}"
EndProject
Global
	GlobalSection(SolutionConfigurationPlatforms) = preSolution
		Debug|Any CPU = Debug|Any CPU
		Debug|iPhone = Debug|iPhone
		Debug|iPhoneSimulator = Debug|iPhoneSimulator
		Release|Any CPU = Release|Any CPU
		Release|iPhone = Release|iPhone
		Release|iPhoneSimulator = Release|iPhoneSimulator
	EndGlobalSection
	GlobalSection(ProjectConfigurationPlatforms) = postSolution
		{00050163-CC5C-424D-B32C-60F165642A8D}.Debug|Any CPU.ActiveCfg = Debug|Any CPU
		{00050163-CC5C-424D-B32C-60F165642A8D}.Debug|Any CPU.Build.0 = Debug|Any CPU
		{00050163-CC5C-424D-B32C-60F165642A8D}.Debug|Any CPU.Deploy.0 = Debug|Any CPU
		{00050163-CC5C-424D-B32C-60F165642A8D}.Debug|iPhone.ActiveCfg = Debug|Any CPU
		{00050163-CC5C-424D-B32C-60F165642A8D}.Debug|iPhone.Build.0 = Debug|Any CPU
		{00050163-CC5C-424D-B32C-60F165642A8D}.Debug|iPhone.Deploy.0 = Debug|Any CPU
		{00050163-CC5C-424D-B32C-60F165642A8D}.Debug|iPhoneSimulator.ActiveCfg = Debug|Any CPU
		{00050163-CC5C-424D-B32C-60F165642A8D}.Debug|iPhoneSimulator.Build.0 = Debug|Any CPU
		{00050163-CC5C-424D-B32C-60F165642A8D}.Debug|iPhoneSimulator.Deploy.0 = Debug|Any CPU
		{00050163-CC5C-424D-B32C-60F165642A8D}.Release|Any CPU.ActiveCfg = Release|Any CPU
		{00050163-CC5C-424D-B32C-60F165642A8D}.Release|Any CPU.Build.0 = Release|Any CPU
		{00050163-CC5C-424D-B32C-60F165642A8D}.Release|Any CPU.Deploy.0 = Release|Any CPU
		{00050163-CC5C-424D-B32C-60F165642A8D}.Release|iPhone.ActiveCfg = Release|Any CPU
		{00050163-CC5C-424D-B32C-60F165642A8D}.Release|iPhone.Build.0 = Release|Any CPU
		{00050163-CC5C-424D-B32C-60F165642A8D}.Release|iPhone.Deploy.0 = Release|Any CPU
		{00050163-CC5C-424D-B32C-60F165642A8D}.Release|iPhoneSimulator.ActiveCfg = Release|Any CPU
		{00050163-CC5C-424D-B32C-60F165642A8D}.Release|iPhoneSimulator.Build.0 = Release|Any CPU
		{00050163-CC5C-424D-B32C-60F165642A8D}.Release|iPhoneSimulator.Deploy.0 = Release|Any CPU
		{AA1B996B-8F44-431C-9D02-E97D89F89668}.Debug|Any CPU.ActiveCfg = Debug|iPhoneSimulator
		{AA1B996B-8F44-431C-9D02-E97D89F89668}.Debug|Any CPU.Build.0 = Debug|iPhoneSimulator
		{AA1B996B-8F44-431C-9D02-E97D89F89668}.Debug|Any CPU.Deploy.0 = Debug|iPhoneSimulator
		{AA1B996B-8F44-431C-9D02-E97D89F89668}.Debug|iPhone.ActiveCfg = Debug|iPhone
		{AA1B996B-8F44-431C-9D02-E97D89F89668}.Debug|iPhone.Build.0 = Debug|iPhone
		{AA1B996B-8F44-431C-9D02-E97D89F89668}.Debug|iPhone.Deploy.0 = Debug|iPhone
		{AA1B996B-8F44-431C-9D02-E97D89F89668}.Debug|iPhoneSimulator.ActiveCfg = Debug|iPhoneSimulator
		{AA1B996B-8F44-431C-9D02-E97D89F89668}.Debug|iPhoneSimulator.Build.0 = Debug|iPhoneSimulator
		{AA1B996B-8F44-431C-9D02-E97D89F89668}.Debug|iPhoneSimulator.Deploy.0 = Debug|iPhoneSimulator
		{AA1B996B-8F44-431C-9D02-E97D89F89668}.Release|Any CPU.ActiveCfg = Release|iPhone
		{AA1B996B-8F44-431C-9D02-E97D89F89668}.Release|Any CPU.Build.0 = Release|iPhone
		{AA1B996B-8F44-431C-9D02-E97D89F89668}.Release|Any CPU.Deploy.0 = Release|iPhone
		{AA1B996B-8F44-431C-9D02-E97D89F89668}.Release|iPhone.ActiveCfg = Release|iPhone
		{AA1B996B-8F44-431C-9D02-E97D89F89668}.Release|iPhone.Build.0 = Release|iPhone
		{AA1B996B-8F44-431C-9D02-E97D89F89668}.Release|iPhone.Deploy.0 = Release|iPhone
		{AA1B996B-8F44-431C-9D02-E97D89F89668}.Release|iPhoneSimulator.ActiveCfg = Release|iPhoneSimulator
		{AA1B996B-8F44-431C-9D02-E97D89F89668}.Release|iPhoneSimulator.Build.0 = Release|iPhoneSimulator
		{AA1B996B-8F44-431C-9D02-E97D89F89668}.Release|iPhoneSimulator.Deploy.0 = Release|iPhoneSimulator
		{2E5FB9CC-628D-4DA8-BBD5-A190CEDB769F}.Debug|Any CPU.ActiveCfg = Debug|Any CPU
		{2E5FB9CC-628D-4DA8-BBD5-A190CEDB769F}.Debug|Any CPU.Build.0 = Debug|Any CPU
		{2E5FB9CC-628D-4DA8-BBD5-A190CEDB769F}.Debug|Any CPU.Deploy.0 = Debug|Any CPU
		{2E5FB9CC-628D-4DA8-BBD5-A190CEDB769F}.Debug|iPhone.ActiveCfg = Debug|Any CPU
		{2E5FB9CC-628D-4DA8-BBD5-A190CEDB769F}.Debug|iPhone.Build.0 = Debug|Any CPU
		{2E5FB9CC-628D-4DA8-BBD5-A190CEDB769F}.Debug|iPhone.Deploy.0 = Debug|Any CPU
		{2E5FB9CC-628D-4DA8-BBD5-A190CEDB769F}.Debug|iPhoneSimulator.ActiveCfg = Debug|Any CPU
		{2E5FB9CC-628D-4DA8-BBD5-A190CEDB769F}.Debug|iPhoneSimulator.Build.0 = Debug|Any CPU
		{2E5FB9CC-628D-4DA8-BBD5-A190CEDB769F}.Debug|iPhoneSimulator.Deploy.0 = Debug|Any CPU
		{2E5FB9CC-628D-4DA8-BBD5-A190CEDB769F}.Release|Any CPU.ActiveCfg = Release|Any CPU
		{2E5FB9CC-628D-4DA8-BBD5-A190CEDB769F}.Release|Any CPU.Build.0 = Release|Any CPU
		{2E5FB9CC-628D-4DA8-BBD5-A190CEDB769F}.Release|Any CPU.Deploy.0 = Release|Any CPU
		{2E5FB9CC-628D-4DA8-BBD5-A190CEDB769F}.Release|iPhone.ActiveCfg = Release|Any CPU
		{2E5FB9CC-628D-4DA8-BBD5-A190CEDB769F}.Release|iPhone.Build.0 = Release|Any CPU
		{2E5FB9CC-628D-4DA8-BBD5-A190CEDB769F}.Release|iPhone.Deploy.0 = Release|Any CPU
		{2E5FB9CC-628D-4DA8-BBD5-A190CEDB769F}.Release|iPhoneSimulator.ActiveCfg = Release|Any CPU
		{2E5FB9CC-628D-4DA8-BBD5-A190CEDB769F}.Release|iPhoneSimulator.Build.0 = Release|Any CPU
		{2E5FB9CC-628D-4DA8-BBD5-A190CEDB769F}.Release|iPhoneSimulator.Deploy.0 = Release|Any CPU
	EndGlobalSection
	GlobalSection(SolutionProperties) = preSolution
		HideSolutionNode = FALSE
	EndGlobalSection
	GlobalSection(ExtensibilityGlobals) = postSolution
		SolutionGuid = {70FE51C6-9CF5-4176-A1BF-C6EF71D9C0E5}
	EndGlobalSection
EndGlobal
